
Microsoft Visual Studio Solution File, Format Version 12.00
# Visual Studio Version 17
VisualStudioVersion = 17.8.34330.188
MinimumVisualStudioVersion = 10.0.40219.1
Project("{9A19103F-16F7-4668-BE54-9A1E7A4F7556}") = "ProjectOtter", ".\ProjectOtter\ProjectOtter.csproj", "{D6E01D45-8F72-484C-8C34-1E693F6494BB}"
EndProject
Project("{9A19103F-16F7-4668-BE54-9A1E7A4F7556}") = "ProjectOtter.Core", ".\ProjectOtter.Core\ProjectOtter.Core.csproj", "{F22BA07E-459D-412C-84A9-1D0BF7C15B70}"
EndProject
Global
	GlobalSection(SolutionConfigurationPlatforms) = preSolution
		Debug|Any CPU = Debug|Any CPU
		Debug|arm64 = Debug|arm64
		Debug|x64 = Debug|x64
		Debug|x86 = Debug|x86
		Release|Any CPU = Release|Any CPU
		Release|arm64 = Release|arm64
		Release|x64 = Release|x64
		Release|x86 = Release|x86
	EndGlobalSection
	GlobalSection(ProjectConfigurationPlatforms) = postSolution
		{D6E01D45-8F72-484C-8C34-1E693F6494BB}.Debug|Any CPU.ActiveCfg = Debug|x64
		{D6E01D45-8F72-484C-8C34-1E693F6494BB}.Debug|Any CPU.Build.0 = Debug|x64
		{D6E01D45-8F72-484C-8C34-1E693F6494BB}.Debug|Any CPU.Deploy.0 = Debug|x64
		{D6E01D45-8F72-484C-8C34-1E693F6494BB}.Debug|arm64.ActiveCfg = Debug|arm64
		{D6E01D45-8F72-484C-8C34-1E693F6494BB}.Debug|arm64.Build.0 = Debug|arm64
		{D6E01D45-8F72-484C-8C34-1E693F6494BB}.Debug|arm64.Deploy.0 = Debug|arm64
		{D6E01D45-8F72-484C-8C34-1E693F6494BB}.Debug|x64.ActiveCfg = Debug|x64
		{D6E01D45-8F72-484C-8C34-1E693F6494BB}.Debug|x64.Build.0 = Debug|x64
		{D6E01D45-8F72-484C-8C34-1E693F6494BB}.Debug|x64.Deploy.0 = Debug|x64
		{D6E01D45-8F72-484C-8C34-1E693F6494BB}.Debug|x86.ActiveCfg = Debug|x86
		{D6E01D45-8F72-484C-8C34-1E693F6494BB}.Debug|x86.Build.0 = Debug|x86
		{D6E01D45-8F72-484C-8C34-1E693F6494BB}.Debug|x86.Deploy.0 = Debug|x86
		{D6E01D45-8F72-484C-8C34-1E693F6494BB}.Release|Any CPU.ActiveCfg = Release|x64
		{D6E01D45-8F72-484C-8C34-1E693F6494BB}.Release|Any CPU.Build.0 = Release|x64
		{D6E01D45-8F72-484C-8C34-1E693F6494BB}.Release|Any CPU.Deploy.0 = Release|x64
		{D6E01D45-8F72-484C-8C34-1E693F6494BB}.Release|arm64.ActiveCfg = Release|arm64
		{D6E01D45-8F72-484C-8C34-1E693F6494BB}.Release|arm64.Build.0 = Release|arm64
		{D6E01D45-8F72-484C-8C34-1E693F6494BB}.Release|arm64.Deploy.0 = Release|arm64
		{D6E01D45-8F72-484C-8C34-1E693F6494BB}.Release|x64.ActiveCfg = Release|x64
		{D6E01D45-8F72-484C-8C34-1E693F6494BB}.Release|x64.Build.0 = Release|x64
		{D6E01D45-8F72-484C-8C34-1E693F6494BB}.Release|x64.Deploy.0 = Release|x64
		{D6E01D45-8F72-484C-8C34-1E693F6494BB}.Release|x86.ActiveCfg = Release|x86
		{D6E01D45-8F72-484C-8C34-1E693F6494BB}.Release|x86.Build.0 = Release|x86
		{D6E01D45-8F72-484C-8C34-1E693F6494BB}.Release|x86.Deploy.0 = Release|x86
		{F22BA07E-459D-412C-84A9-1D0BF7C15B70}.Debug|Any CPU.ActiveCfg = Debug|Any CPU
		{F22BA07E-459D-412C-84A9-1D0BF7C15B70}.Debug|Any CPU.Build.0 = Debug|Any CPU
		{F22BA07E-459D-412C-84A9-1D0BF7C15B70}.Debug|arm64.ActiveCfg = Debug|arm64
		{F22BA07E-459D-412C-84A9-1D0BF7C15B70}.Debug|arm64.Build.0 = Debug|arm64
		{F22BA07E-459D-412C-84A9-1D0BF7C15B70}.Debug|x64.ActiveCfg = Debug|x64
		{F22BA07E-459D-412C-84A9-1D0BF7C15B70}.Debug|x64.Build.0 = Debug|x64
		{F22BA07E-459D-412C-84A9-1D0BF7C15B70}.Debug|x86.ActiveCfg = Debug|x86
		{F22BA07E-459D-412C-84A9-1D0BF7C15B70}.Debug|x86.Build.0 = Debug|x86
		{F22BA07E-459D-412C-84A9-1D0BF7C15B70}.Release|Any CPU.ActiveCfg = Release|Any CPU
		{F22BA07E-459D-412C-84A9-1D0BF7C15B70}.Release|Any CPU.Build.0 = Release|Any CPU
		{F22BA07E-459D-412C-84A9-1D0BF7C15B70}.Release|arm64.ActiveCfg = Release|arm64
		{F22BA07E-459D-412C-84A9-1D0BF7C15B70}.Release|arm64.Build.0 = Release|arm64
		{F22BA07E-459D-412C-84A9-1D0BF7C15B70}.Release|x64.ActiveCfg = Release|x64
		{F22BA07E-459D-412C-84A9-1D0BF7C15B70}.Release|x64.Build.0 = Release|x64
		{F22BA07E-459D-412C-84A9-1D0BF7C15B70}.Release|x86.ActiveCfg = Release|x86
		{F22BA07E-459D-412C-84A9-1D0BF7C15B70}.Release|x86.Build.0 = Release|x86
	EndGlobalSection
	GlobalSection(SolutionProperties) = preSolution
		HideSolutionNode = FALSE
	EndGlobalSection
	GlobalSection(ExtensibilityGlobals) = postSolution
		SolutionGuid = {280F083F-3676-413E-BEC5-CF99FEFE41F8}
	EndGlobalSection
EndGlobal
